
Microsoft Visual Studio Solution File, Format Version 12.00
# Visual Studio Version 17
VisualStudioVersion = 17.11.35222.181
MinimumVisualStudioVersion = 10.0.40219.1
Project("{FAE04EC0-301F-11D3-BF4B-00C04F79EFBC}") = "Poo", "Poo\Poo.csproj", "{C7DB174C-3796-4223-BBBC-685CD5E51B78}"
EndProject
Project("{FAE04EC0-301F-11D3-BF4B-00C04F79EFBC}") = "Linq", "Linq\Linq.csproj", "{2F8EDDEA-C8C2-4682-A369-D942C4785A4A}"
EndProject
Project("{FAE04EC0-301F-11D3-BF4B-00C04F79EFBC}") = "FullGauge", "FullGauge\FullGauge.csproj", "{6D98C401-615E-440D-95EA-005814DCAACA}"
EndProject
Project("{FAE04EC0-301F-11D3-BF4B-00C04F79EFBC}") = "WinForms", "WinForms\WinForms.csproj", "{44E4217E-DCD1-4A88-BD02-479072E76866}"
EndProject
Project("{FAE04EC0-301F-11D3-BF4B-00C04F79EFBC}") = "AlunxBrilhantesExample", "AlunxBrilhantesExample\AlunxBrilhantesExample.csproj", "{E194071A-77A8-4983-B7DB-F0B86C38A66D}"
EndProject
Project("{FAE04EC0-301F-11D3-BF4B-00C04F79EFBC}") = "AwesomeDevEvents", "AwesomeDevEvents\AwesomeDevEvents.csproj", "{0FD7EB61-C76C-41D0-B831-D17C30FC0122}"
EndProject
Global
	GlobalSection(SolutionConfigurationPlatforms) = preSolution
		Debug|Any CPU = Debug|Any CPU
		Release|Any CPU = Release|Any CPU
	EndGlobalSection
	GlobalSection(ProjectConfigurationPlatforms) = postSolution
		{C7DB174C-3796-4223-BBBC-685CD5E51B78}.Debug|Any CPU.ActiveCfg = Debug|Any CPU
		{C7DB174C-3796-4223-BBBC-685CD5E51B78}.Debug|Any CPU.Build.0 = Debug|Any CPU
		{C7DB174C-3796-4223-BBBC-685CD5E51B78}.Release|Any CPU.ActiveCfg = Release|Any CPU
		{C7DB174C-3796-4223-BBBC-685CD5E51B78}.Release|Any CPU.Build.0 = Release|Any CPU
		{2F8EDDEA-C8C2-4682-A369-D942C4785A4A}.Debug|Any CPU.ActiveCfg = Debug|Any CPU
		{2F8EDDEA-C8C2-4682-A369-D942C4785A4A}.Debug|Any CPU.Build.0 = Debug|Any CPU
		{2F8EDDEA-C8C2-4682-A369-D942C4785A4A}.Release|Any CPU.ActiveCfg = Release|Any CPU
		{2F8EDDEA-C8C2-4682-A369-D942C4785A4A}.Release|Any CPU.Build.0 = Release|Any CPU
		{6D98C401-615E-440D-95EA-005814DCAACA}.Debug|Any CPU.ActiveCfg = Debug|Any CPU
		{6D98C401-615E-440D-95EA-005814DCAACA}.Debug|Any CPU.Build.0 = Debug|Any CPU
		{6D98C401-615E-440D-95EA-005814DCAACA}.Release|Any CPU.ActiveCfg = Release|Any CPU
		{6D98C401-615E-440D-95EA-005814DCAACA}.Release|Any CPU.Build.0 = Release|Any CPU
		{44E4217E-DCD1-4A88-BD02-479072E76866}.Debug|Any CPU.ActiveCfg = Debug|Any CPU
		{44E4217E-DCD1-4A88-BD02-479072E76866}.Debug|Any CPU.Build.0 = Debug|Any CPU
		{44E4217E-DCD1-4A88-BD02-479072E76866}.Release|Any CPU.ActiveCfg = Release|Any CPU
		{44E4217E-DCD1-4A88-BD02-479072E76866}.Release|Any CPU.Build.0 = Release|Any CPU
		{E194071A-77A8-4983-B7DB-F0B86C38A66D}.Debug|Any CPU.ActiveCfg = Debug|Any CPU
		{E194071A-77A8-4983-B7DB-F0B86C38A66D}.Debug|Any CPU.Build.0 = Debug|Any CPU
		{E194071A-77A8-4983-B7DB-F0B86C38A66D}.Release|Any CPU.ActiveCfg = Release|Any CPU
		{E194071A-77A8-4983-B7DB-F0B86C38A66D}.Release|Any CPU.Build.0 = Release|Any CPU
		{0FD7EB61-C76C-41D0-B831-D17C30FC0122}.Debug|Any CPU.ActiveCfg = Debug|Any CPU
		{0FD7EB61-C76C-41D0-B831-D17C30FC0122}.Debug|Any CPU.Build.0 = Debug|Any CPU
		{0FD7EB61-C76C-41D0-B831-D17C30FC0122}.Release|Any CPU.ActiveCfg = Release|Any CPU
		{0FD7EB61-C76C-41D0-B831-D17C30FC0122}.Release|Any CPU.Build.0 = Release|Any CPU
	EndGlobalSection
	GlobalSection(SolutionProperties) = preSolution
		HideSolutionNode = FALSE
	EndGlobalSection
	GlobalSection(ExtensibilityGlobals) = postSolution
		SolutionGuid = {8861A4E3-9A54-4BA0-B6A7-BE5BF3740A9B}
	EndGlobalSection
EndGlobal
